// !$*UTF8*$!
{
	archiveVersion = 1;
	classes = {
	};
	objectVersion = 46;
	objects = {

/* Begin PBXBuildFile section */
		ADFA031B30D4E89DFAC14ECE /* config.swift in Sources */ = {isa = PBXBuildFile; fileRef = ADFA00C247EE36D32A84ACB8 /* config.swift */; };
		BBC991013F4D511A218B3D84 /* Pods_skypp.framework in Frameworks */ = {isa = PBXBuildFile; fileRef = A8ABD750099C8A4ED97B1A1C /* Pods_skypp.framework */; };
		CF05A7B81EB338C400F35840 /* AppDelegate.swift in Sources */ = {isa = PBXBuildFile; fileRef = CF05A7B71EB338C400F35840 /* AppDelegate.swift */; };
		CF05A7BA1EB338C400F35840 /* ViewController.swift in Sources */ = {isa = PBXBuildFile; fileRef = CF05A7B91EB338C400F35840 /* ViewController.swift */; };
		CF05A7BD1EB338C400F35840 /* Main.storyboard in Resources */ = {isa = PBXBuildFile; fileRef = CF05A7BB1EB338C400F35840 /* Main.storyboard */; };
		CF05A7BF1EB338C400F35840 /* Assets.xcassets in Resources */ = {isa = PBXBuildFile; fileRef = CF05A7BE1EB338C400F35840 /* Assets.xcassets */; };
		CF05A7C21EB338C400F35840 /* LaunchScreen.storyboard in Resources */ = {isa = PBXBuildFile; fileRef = CF05A7C01EB338C400F35840 /* LaunchScreen.storyboard */; };
		CF05A7CD1EB338C400F35840 /* skyppTests.swift in Sources */ = {isa = PBXBuildFile; fileRef = CF05A7CC1EB338C400F35840 /* skyppTests.swift */; };
		CF05A7D81EB338C400F35840 /* skyppUITests.swift in Sources */ = {isa = PBXBuildFile; fileRef = CF05A7D71EB338C400F35840 /* skyppUITests.swift */; };
/* End PBXBuildFile section */

/* Begin PBXContainerItemProxy section */
		CF05A7C91EB338C400F35840 /* PBXContainerItemProxy */ = {
			isa = PBXContainerItemProxy;
			containerPortal = CF05A7AC1EB338C400F35840 /* Project object */;
			proxyType = 1;
			remoteGlobalIDString = CF05A7B31EB338C400F35840;
			remoteInfo = skypp;
		};
		CF05A7D41EB338C400F35840 /* PBXContainerItemProxy */ = {
			isa = PBXContainerItemProxy;
			containerPortal = CF05A7AC1EB338C400F35840 /* Project object */;
			proxyType = 1;
			remoteGlobalIDString = CF05A7B31EB338C400F35840;
			remoteInfo = skypp;
		};
		CF9C87611EC9B3CF0023C39F /* PBXContainerItemProxy */ = {
			isa = PBXContainerItemProxy;
			containerPortal = CF9C875B1EC9B3CE0023C39F /* video.xcodeproj */;
			proxyType = 2;
			remoteGlobalIDString = CF9C872A1EC9B3CE0023C39F;
			remoteInfo = video;
		};
		CF9C87631EC9B3CF0023C39F /* PBXContainerItemProxy */ = {
			isa = PBXContainerItemProxy;
			containerPortal = CF9C875B1EC9B3CE0023C39F /* video.xcodeproj */;
			proxyType = 2;
			remoteGlobalIDString = CF9C873E1EC9B3CE0023C39F;
			remoteInfo = videoTests;
		};
		CF9C87651EC9B3CF0023C39F /* PBXContainerItemProxy */ = {
			isa = PBXContainerItemProxy;
			containerPortal = CF9C875B1EC9B3CE0023C39F /* video.xcodeproj */;
			proxyType = 2;
			remoteGlobalIDString = CF9C87491EC9B3CE0023C39F;
			remoteInfo = videoUITests;
		};
/* End PBXContainerItemProxy section */

/* Begin PBXFileReference section */
		4C5A493E53335FC2D082CA1F /* Pods_skyppUITests.framework */ = {isa = PBXFileReference; explicitFileType = wrapper.framework; includeInIndex = 0; path = Pods_skyppUITests.framework; sourceTree = BUILT_PRODUCTS_DIR; };
		5FFFB4464B8DA39E1120F927 /* Pods-skypp.release.xcconfig */ = {isa = PBXFileReference; includeInIndex = 1; lastKnownFileType = text.xcconfig; name = "Pods-skypp.release.xcconfig"; path = "Pods/Target Support Files/Pods-skypp/Pods-skypp.release.xcconfig"; sourceTree = "<group>"; };
		7C5439B155F7E58DD5ED2BBE /* Pods_skyppTests.framework */ = {isa = PBXFileReference; explicitFileType = wrapper.framework; includeInIndex = 0; path = Pods_skyppTests.framework; sourceTree = BUILT_PRODUCTS_DIR; };
		A8ABD750099C8A4ED97B1A1C /* Pods_skypp.framework */ = {isa = PBXFileReference; explicitFileType = wrapper.framework; includeInIndex = 0; path = Pods_skypp.framework; sourceTree = BUILT_PRODUCTS_DIR; };
		AD35C01D1FD8BAE0BDC42EAA /* Pods-skypp.debug.xcconfig */ = {isa = PBXFileReference; includeInIndex = 1; lastKnownFileType = text.xcconfig; name = "Pods-skypp.debug.xcconfig"; path = "Pods/Target Support Files/Pods-skypp/Pods-skypp.debug.xcconfig"; sourceTree = "<group>"; };
		ADFA00C247EE36D32A84ACB8 /* config.swift */ = {isa = PBXFileReference; fileEncoding = 4; lastKnownFileType = sourcecode.swift; path = config.swift; sourceTree = "<group>"; };
		CF05A7B41EB338C400F35840 /* skypp.app */ = {isa = PBXFileReference; explicitFileType = wrapper.application; includeInIndex = 0; path = skypp.app; sourceTree = BUILT_PRODUCTS_DIR; };
		CF05A7B71EB338C400F35840 /* AppDelegate.swift */ = {isa = PBXFileReference; lastKnownFileType = sourcecode.swift; path = AppDelegate.swift; sourceTree = "<group>"; };
		CF05A7B91EB338C400F35840 /* ViewController.swift */ = {isa = PBXFileReference; lastKnownFileType = sourcecode.swift; path = ViewController.swift; sourceTree = "<group>"; };
		CF05A7BC1EB338C400F35840 /* Base */ = {isa = PBXFileReference; lastKnownFileType = file.storyboard; name = Base; path = Base.lproj/Main.storyboard; sourceTree = "<group>"; };
		CF05A7BE1EB338C400F35840 /* Assets.xcassets */ = {isa = PBXFileReference; lastKnownFileType = folder.assetcatalog; path = Assets.xcassets; sourceTree = "<group>"; };
		CF05A7C11EB338C400F35840 /* Base */ = {isa = PBXFileReference; lastKnownFileType = file.storyboard; name = Base; path = Base.lproj/LaunchScreen.storyboard; sourceTree = "<group>"; };
		CF05A7C31EB338C400F35840 /* Info.plist */ = {isa = PBXFileReference; lastKnownFileType = text.plist.xml; path = Info.plist; sourceTree = "<group>"; };
		CF05A7C81EB338C400F35840 /* skyppTests.xctest */ = {isa = PBXFileReference; explicitFileType = wrapper.cfbundle; includeInIndex = 0; path = skyppTests.xctest; sourceTree = BUILT_PRODUCTS_DIR; };
		CF05A7CC1EB338C400F35840 /* skyppTests.swift */ = {isa = PBXFileReference; lastKnownFileType = sourcecode.swift; path = skyppTests.swift; sourceTree = "<group>"; };
		CF05A7CE1EB338C400F35840 /* Info.plist */ = {isa = PBXFileReference; lastKnownFileType = text.plist.xml; path = Info.plist; sourceTree = "<group>"; };
		CF05A7D31EB338C400F35840 /* skyppUITests.xctest */ = {isa = PBXFileReference; explicitFileType = wrapper.cfbundle; includeInIndex = 0; path = skyppUITests.xctest; sourceTree = BUILT_PRODUCTS_DIR; };
		CF05A7D71EB338C400F35840 /* skyppUITests.swift */ = {isa = PBXFileReference; lastKnownFileType = sourcecode.swift; path = skyppUITests.swift; sourceTree = "<group>"; };
		CF05A7D91EB338C400F35840 /* Info.plist */ = {isa = PBXFileReference; lastKnownFileType = text.plist.xml; path = Info.plist; sourceTree = "<group>"; };
		CF9C875B1EC9B3CE0023C39F /* video.xcodeproj */ = {isa = PBXFileReference; lastKnownFileType = "wrapper.pb-project"; name = video.xcodeproj; path = video/video.xcodeproj; sourceTree = "<group>"; };
/* End PBXFileReference section */

/* Begin PBXFrameworksBuildPhase section */
		CF05A7B11EB338C400F35840 /* Frameworks */ = {
			isa = PBXFrameworksBuildPhase;
			buildActionMask = 2147483647;
			files = (
				BBC991013F4D511A218B3D84 /* Pods_skypp.framework in Frameworks */,
			);
			runOnlyForDeploymentPostprocessing = 0;
		};
		CF05A7C51EB338C400F35840 /* Frameworks */ = {
			isa = PBXFrameworksBuildPhase;
			buildActionMask = 2147483647;
			files = (
			);
			runOnlyForDeploymentPostprocessing = 0;
		};
		CF05A7D01EB338C400F35840 /* Frameworks */ = {
			isa = PBXFrameworksBuildPhase;
			buildActionMask = 2147483647;
			files = (
			);
			runOnlyForDeploymentPostprocessing = 0;
		};
/* End PBXFrameworksBuildPhase section */

/* Begin PBXGroup section */
		AAAD13BF05913B42C27CA51E /* Frameworks */ = {
			isa = PBXGroup;
			children = (
				A8ABD750099C8A4ED97B1A1C /* Pods_skypp.framework */,
				7C5439B155F7E58DD5ED2BBE /* Pods_skyppTests.framework */,
				4C5A493E53335FC2D082CA1F /* Pods_skyppUITests.framework */,
			);
			name = Frameworks;
			sourceTree = "<group>";
		};
		AC5E4718ED19A822FEEAC221 /* Pods */ = {
			isa = PBXGroup;
			children = (
				AD35C01D1FD8BAE0BDC42EAA /* Pods-skypp.debug.xcconfig */,
				5FFFB4464B8DA39E1120F927 /* Pods-skypp.release.xcconfig */,
			);
			name = Pods;
			sourceTree = "<group>";
		};
		CF05A7AB1EB338C400F35840 = {
			isa = PBXGroup;
			children = (
				CF05A7B61EB338C400F35840 /* skypp */,
				CF05A7CB1EB338C400F35840 /* skyppTests */,
				CF05A7D61EB338C400F35840 /* skyppUITests */,
				CF05A7B51EB338C400F35840 /* Products */,
				AC5E4718ED19A822FEEAC221 /* Pods */,
				AAAD13BF05913B42C27CA51E /* Frameworks */,
			);
			sourceTree = "<group>";
		};
		CF05A7B51EB338C400F35840 /* Products */ = {
			isa = PBXGroup;
			children = (
				CF05A7B41EB338C400F35840 /* skypp.app */,
				CF05A7C81EB338C400F35840 /* skyppTests.xctest */,
				CF05A7D31EB338C400F35840 /* skyppUITests.xctest */,
			);
			name = Products;
			sourceTree = "<group>";
		};
		CF05A7B61EB338C400F35840 /* skypp */ = {
			isa = PBXGroup;
			children = (
				CF9C875B1EC9B3CE0023C39F /* video.xcodeproj */,
				CF05A7B71EB338C400F35840 /* AppDelegate.swift */,
				CF05A7B91EB338C400F35840 /* ViewController.swift */,
				CF05A7BB1EB338C400F35840 /* Main.storyboard */,
				CF05A7BE1EB338C400F35840 /* Assets.xcassets */,
				CF05A7C01EB338C400F35840 /* LaunchScreen.storyboard */,
				CF05A7C31EB338C400F35840 /* Info.plist */,
				ADFA00C247EE36D32A84ACB8 /* config.swift */,
			);
			path = skypp;
			sourceTree = "<group>";
		};
		CF05A7CB1EB338C400F35840 /* skyppTests */ = {
			isa = PBXGroup;
			children = (
				CF05A7CC1EB338C400F35840 /* skyppTests.swift */,
				CF05A7CE1EB338C400F35840 /* Info.plist */,
			);
			path = skyppTests;
			sourceTree = "<group>";
		};
		CF05A7D61EB338C400F35840 /* skyppUITests */ = {
			isa = PBXGroup;
			children = (
				CF05A7D71EB338C400F35840 /* skyppUITests.swift */,
				CF05A7D91EB338C400F35840 /* Info.plist */,
			);
			path = skyppUITests;
			sourceTree = "<group>";
		};
		CF9C875C1EC9B3CE0023C39F /* Products */ = {
			isa = PBXGroup;
			children = (
				CF9C87621EC9B3CF0023C39F /* video.app */,
				CF9C87641EC9B3CF0023C39F /* videoTests.xctest */,
				CF9C87661EC9B3CF0023C39F /* videoUITests.xctest */,
			);
			name = Products;
			sourceTree = "<group>";
		};
/* End PBXGroup section */

/* Begin PBXNativeTarget section */
		CF05A7B31EB338C400F35840 /* skypp */ = {
			isa = PBXNativeTarget;
			buildConfigurationList = CF05A7DC1EB338C400F35840 /* Build configuration list for PBXNativeTarget "skypp" */;
			buildPhases = (
				CCFDD76854EDD5D475665E57 /* [CP] Check Pods Manifest.lock */,
				CF05A7B01EB338C400F35840 /* Sources */,
				CF05A7B11EB338C400F35840 /* Frameworks */,
				CF05A7B21EB338C400F35840 /* Resources */,
				8B301E9BA493DB1DC9945D0F /* [CP] Embed Pods Frameworks */,
				6A1C17279BB8E6ABDEDF94A4 /* [CP] Copy Pods Resources */,
			);
			buildRules = (
			);
			dependencies = (
			);
			name = skypp;
			productName = skypp;
			productReference = CF05A7B41EB338C400F35840 /* skypp.app */;
			productType = "com.apple.product-type.application";
		};
		CF05A7C71EB338C400F35840 /* skyppTests */ = {
			isa = PBXNativeTarget;
			buildConfigurationList = CF05A7DF1EB338C400F35840 /* Build configuration list for PBXNativeTarget "skyppTests" */;
			buildPhases = (
				CF05A7C41EB338C400F35840 /* Sources */,
				CF05A7C51EB338C400F35840 /* Frameworks */,
				CF05A7C61EB338C400F35840 /* Resources */,
			);
			buildRules = (
			);
			dependencies = (
				CF05A7CA1EB338C400F35840 /* PBXTargetDependency */,
			);
			name = skyppTests;
			productName = skyppTests;
			productReference = CF05A7C81EB338C400F35840 /* skyppTests.xctest */;
			productType = "com.apple.product-type.bundle.unit-test";
		};
		CF05A7D21EB338C400F35840 /* skyppUITests */ = {
			isa = PBXNativeTarget;
			buildConfigurationList = CF05A7E21EB338C400F35840 /* Build configuration list for PBXNativeTarget "skyppUITests" */;
			buildPhases = (
				CF05A7CF1EB338C400F35840 /* Sources */,
				CF05A7D01EB338C400F35840 /* Frameworks */,
				CF05A7D11EB338C400F35840 /* Resources */,
			);
			buildRules = (
			);
			dependencies = (
				CF05A7D51EB338C400F35840 /* PBXTargetDependency */,
			);
			name = skyppUITests;
			productName = skyppUITests;
			productReference = CF05A7D31EB338C400F35840 /* skyppUITests.xctest */;
			productType = "com.apple.product-type.bundle.ui-testing";
		};
/* End PBXNativeTarget section */

/* Begin PBXProject section */
		CF05A7AC1EB338C400F35840 /* Project object */ = {
			isa = PBXProject;
			attributes = {
				LastSwiftUpdateCheck = 0830;
				LastUpgradeCheck = 0830;
				ORGANIZATIONNAME = leixianhua;
				TargetAttributes = {
					CF05A7B31EB338C400F35840 = {
						CreatedOnToolsVersion = 8.3.2;
						DevelopmentTeam = 2R9B29DL8V;
						ProvisioningStyle = Automatic;
					};
					CF05A7C71EB338C400F35840 = {
						CreatedOnToolsVersion = 8.3.2;
						DevelopmentTeam = MXH5SL2Q58;
						ProvisioningStyle = Automatic;
						TestTargetID = CF05A7B31EB338C400F35840;
					};
					CF05A7D21EB338C400F35840 = {
						CreatedOnToolsVersion = 8.3.2;
						DevelopmentTeam = MXH5SL2Q58;
						ProvisioningStyle = Automatic;
						TestTargetID = CF05A7B31EB338C400F35840;
					};
				};
			};
			buildConfigurationList = CF05A7AF1EB338C400F35840 /* Build configuration list for PBXProject "skypp" */;
			compatibilityVersion = "Xcode 3.2";
			developmentRegion = English;
			hasScannedForEncodings = 0;
			knownRegions = (
				en,
				Base,
			);
			mainGroup = CF05A7AB1EB338C400F35840;
			productRefGroup = CF05A7B51EB338C400F35840 /* Products */;
			projectDirPath = "";
			projectReferences = (
				{
					ProductGroup = CF9C875C1EC9B3CE0023C39F /* Products */;
					ProjectRef = CF9C875B1EC9B3CE0023C39F /* video.xcodeproj */;
				},
			);
			projectRoot = "";
			targets = (
				CF05A7B31EB338C400F35840 /* skypp */,
				CF05A7C71EB338C400F35840 /* skyppTests */,
				CF05A7D21EB338C400F35840 /* skyppUITests */,
			);
		};
/* End PBXProject section */

/* Begin PBXReferenceProxy section */
		CF9C87621EC9B3CF0023C39F /* video.app */ = {
			isa = PBXReferenceProxy;
			fileType = wrapper.application;
			path = video.app;
			remoteRef = CF9C87611EC9B3CF0023C39F /* PBXContainerItemProxy */;
			sourceTree = BUILT_PRODUCTS_DIR;
		};
		CF9C87641EC9B3CF0023C39F /* videoTests.xctest */ = {
			isa = PBXReferenceProxy;
			fileType = wrapper.cfbundle;
			path = videoTests.xctest;
			remoteRef = CF9C87631EC9B3CF0023C39F /* PBXContainerItemProxy */;
			sourceTree = BUILT_PRODUCTS_DIR;
		};
		CF9C87661EC9B3CF0023C39F /* videoUITests.xctest */ = {
			isa = PBXReferenceProxy;
			fileType = wrapper.cfbundle;
			path = videoUITests.xctest;
			remoteRef = CF9C87651EC9B3CF0023C39F /* PBXContainerItemProxy */;
			sourceTree = BUILT_PRODUCTS_DIR;
		};
/* End PBXReferenceProxy section */

/* Begin PBXResourcesBuildPhase section */
		CF05A7B21EB338C400F35840 /* Resources */ = {
			isa = PBXResourcesBuildPhase;
			buildActionMask = 2147483647;
			files = (
				CF05A7C21EB338C400F35840 /* LaunchScreen.storyboard in Resources */,
				CF05A7BF1EB338C400F35840 /* Assets.xcassets in Resources */,
				CF05A7BD1EB338C400F35840 /* Main.storyboard in Resources */,
			);
			runOnlyForDeploymentPostprocessing = 0;
		};
		CF05A7C61EB338C400F35840 /* Resources */ = {
			isa = PBXResourcesBuildPhase;
			buildActionMask = 2147483647;
			files = (
			);
			runOnlyForDeploymentPostprocessing = 0;
		};
		CF05A7D11EB338C400F35840 /* Resources */ = {
			isa = PBXResourcesBuildPhase;
			buildActionMask = 2147483647;
			files = (
			);
			runOnlyForDeploymentPostprocessing = 0;
		};
/* End PBXResourcesBuildPhase section */

/* Begin PBXShellScriptBuildPhase section */
		6A1C17279BB8E6ABDEDF94A4 /* [CP] Copy Pods Resources */ = {
			isa = PBXShellScriptBuildPhase;
			buildActionMask = 2147483647;
			files = (
			);
			inputPaths = (
			);
			name = "[CP] Copy Pods Resources";
			outputPaths = (
			);
			runOnlyForDeploymentPostprocessing = 0;
			shellPath = /bin/sh;
			shellScript = "\"${SRCROOT}/Pods/Target Support Files/Pods-skypp/Pods-skypp-resources.sh\"\n";
			showEnvVarsInLog = 0;
		};
		8B301E9BA493DB1DC9945D0F /* [CP] Embed Pods Frameworks */ = {
			isa = PBXShellScriptBuildPhase;
			buildActionMask = 2147483647;
			files = (
			);
			inputPaths = (
			);
			name = "[CP] Embed Pods Frameworks";
			outputPaths = (
			);
			runOnlyForDeploymentPostprocessing = 0;
			shellPath = /bin/sh;
			shellScript = "\"${SRCROOT}/Pods/Target Support Files/Pods-skypp/Pods-skypp-frameworks.sh\"\n";
			showEnvVarsInLog = 0;
		};
		CCFDD76854EDD5D475665E57 /* [CP] Check Pods Manifest.lock */ = {
			isa = PBXShellScriptBuildPhase;
			buildActionMask = 2147483647;
			files = (
			);
			inputPaths = (
			);
			name = "[CP] Check Pods Manifest.lock";
			outputPaths = (
			);
			runOnlyForDeploymentPostprocessing = 0;
			shellPath = /bin/sh;
			shellScript = "diff \"${PODS_PODFILE_DIR_PATH}/Podfile.lock\" \"${PODS_ROOT}/Manifest.lock\" > /dev/null\nif [ $? != 0 ] ; then\n    # print error to STDERR\n    echo \"error: The sandbox is not in sync with the Podfile.lock. Run 'pod install' or update your CocoaPods installation.\" >&2\n    exit 1\nfi\n";
			showEnvVarsInLog = 0;
		};
/* End PBXShellScriptBuildPhase section */

/* Begin PBXSourcesBuildPhase section */
		CF05A7B01EB338C400F35840 /* Sources */ = {
			isa = PBXSourcesBuildPhase;
			buildActionMask = 2147483647;
			files = (
				CF05A7BA1EB338C400F35840 /* ViewController.swift in Sources */,
				CF05A7B81EB338C400F35840 /* AppDelegate.swift in Sources */,
				ADFA031B30D4E89DFAC14ECE /* config.swift in Sources */,
			);
			runOnlyForDeploymentPostprocessing = 0;
		};
		CF05A7C41EB338C400F35840 /* Sources */ = {
			isa = PBXSourcesBuildPhase;
			buildActionMask = 2147483647;
			files = (
				CF05A7CD1EB338C400F35840 /* skyppTests.swift in Sources */,
			);
			runOnlyForDeploymentPostprocessing = 0;
		};
		CF05A7CF1EB338C400F35840 /* Sources */ = {
			isa = PBXSourcesBuildPhase;
			buildActionMask = 2147483647;
			files = (
				CF05A7D81EB338C400F35840 /* skyppUITests.swift in Sources */,
			);
			runOnlyForDeploymentPostprocessing = 0;
		};
/* End PBXSourcesBuildPhase section */

/* Begin PBXTargetDependency section */
		CF05A7CA1EB338C400F35840 /* PBXTargetDependency */ = {
			isa = PBXTargetDependency;
			target = CF05A7B31EB338C400F35840 /* skypp */;
			targetProxy = CF05A7C91EB338C400F35840 /* PBXContainerItemProxy */;
		};
		CF05A7D51EB338C400F35840 /* PBXTargetDependency */ = {
			isa = PBXTargetDependency;
			target = CF05A7B31EB338C400F35840 /* skypp */;
			targetProxy = CF05A7D41EB338C400F35840 /* PBXContainerItemProxy */;
		};
/* End PBXTargetDependency section */

/* Begin PBXVariantGroup section */
		CF05A7BB1EB338C400F35840 /* Main.storyboard */ = {
			isa = PBXVariantGroup;
			children = (
				CF05A7BC1EB338C400F35840 /* Base */,
			);
			name = Main.storyboard;
			sourceTree = "<group>";
		};
		CF05A7C01EB338C400F35840 /* LaunchScreen.storyboard */ = {
			isa = PBXVariantGroup;
			children = (
				CF05A7C11EB338C400F35840 /* Base */,
			);
			name = LaunchScreen.storyboard;
			sourceTree = "<group>";
		};
/* End PBXVariantGroup section */

/* Begin XCBuildConfiguration section */
		CF05A7DA1EB338C400F35840 /* Debug */ = {
			isa = XCBuildConfiguration;
			buildSettings = {
				ALWAYS_SEARCH_USER_PATHS = NO;
				CLANG_ANALYZER_NONNULL = YES;
				CLANG_ANALYZER_NUMBER_OBJECT_CONVERSION = YES_AGGRESSIVE;
				CLANG_CXX_LANGUAGE_STANDARD = "gnu++0x";
				CLANG_CXX_LIBRARY = "libc++";
				CLANG_ENABLE_MODULES = YES;
				CLANG_ENABLE_OBJC_ARC = YES;
				CLANG_WARN_BOOL_CONVERSION = YES;
				CLANG_WARN_CONSTANT_CONVERSION = YES;
				CLANG_WARN_DIRECT_OBJC_ISA_USAGE = YES_ERROR;
				CLANG_WARN_DOCUMENTATION_COMMENTS = YES;
				CLANG_WARN_EMPTY_BODY = YES;
				CLANG_WARN_ENUM_CONVERSION = YES;
				CLANG_WARN_INFINITE_RECURSION = YES;
				CLANG_WARN_INT_CONVERSION = YES;
				CLANG_WARN_OBJC_ROOT_CLASS = YES_ERROR;
				CLANG_WARN_SUSPICIOUS_MOVE = YES;
				CLANG_WARN_UNREACHABLE_CODE = YES;
				CLANG_WARN__DUPLICATE_METHOD_MATCH = YES;
				"CODE_SIGN_IDENTITY[sdk=iphoneos*]" = "iPhone Developer";
				COPY_PHASE_STRIP = NO;
				DEBUG_INFORMATION_FORMAT = dwarf;
				ENABLE_STRICT_OBJC_MSGSEND = YES;
				ENABLE_TESTABILITY = YES;
				GCC_C_LANGUAGE_STANDARD = gnu99;
				GCC_DYNAMIC_NO_PIC = NO;
				GCC_NO_COMMON_BLOCKS = YES;
				GCC_OPTIMIZATION_LEVEL = 0;
				GCC_PREPROCESSOR_DEFINITIONS = (
					"DEBUG=1",
					"$(inherited)",
				);
				GCC_WARN_64_TO_32_BIT_CONVERSION = YES;
				GCC_WARN_ABOUT_RETURN_TYPE = YES_ERROR;
				GCC_WARN_UNDECLARED_SELECTOR = YES;
				GCC_WARN_UNINITIALIZED_AUTOS = YES_AGGRESSIVE;
				GCC_WARN_UNUSED_FUNCTION = YES;
				GCC_WARN_UNUSED_VARIABLE = YES;
				IPHONEOS_DEPLOYMENT_TARGET = 10.3;
				MTL_ENABLE_DEBUG_INFO = YES;
				ONLY_ACTIVE_ARCH = YES;
				SDKROOT = iphoneos;
				SWIFT_ACTIVE_COMPILATION_CONDITIONS = DEBUG;
				SWIFT_OPTIMIZATION_LEVEL = "-Onone";
			};
			name = Debug;
		};
		CF05A7DB1EB338C400F35840 /* Release */ = {
			isa = XCBuildConfiguration;
			buildSettings = {
				ALWAYS_SEARCH_USER_PATHS = NO;
				CLANG_ANALYZER_NONNULL = YES;
				CLANG_ANALYZER_NUMBER_OBJECT_CONVERSION = YES_AGGRESSIVE;
				CLANG_CXX_LANGUAGE_STANDARD = "gnu++0x";
				CLANG_CXX_LIBRARY = "libc++";
				CLANG_ENABLE_MODULES = YES;
				CLANG_ENABLE_OBJC_ARC = YES;
				CLANG_WARN_BOOL_CONVERSION = YES;
				CLANG_WARN_CONSTANT_CONVERSION = YES;
				CLANG_WARN_DIRECT_OBJC_ISA_USAGE = YES_ERROR;
				CLANG_WARN_DOCUMENTATION_COMMENTS = YES;
				CLANG_WARN_EMPTY_BODY = YES;
				CLANG_WARN_ENUM_CONVERSION = YES;
				CLANG_WARN_INFINITE_RECURSION = YES;
				CLANG_WARN_INT_CONVERSION = YES;
				CLANG_WARN_OBJC_ROOT_CLASS = YES_ERROR;
				CLANG_WARN_SUSPICIOUS_MOVE = YES;
				CLANG_WARN_UNREACHABLE_CODE = YES;
				CLANG_WARN__DUPLICATE_METHOD_MATCH = YES;
				"CODE_SIGN_IDENTITY[sdk=iphoneos*]" = "iPhone Developer";
				COPY_PHASE_STRIP = NO;
				DEBUG_INFORMATION_FORMAT = "dwarf-with-dsym";
				ENABLE_NS_ASSERTIONS = NO;
				ENABLE_STRICT_OBJC_MSGSEND = YES;
				GCC_C_LANGUAGE_STANDARD = gnu99;
				GCC_NO_COMMON_BLOCKS = YES;
				GCC_WARN_64_TO_32_BIT_CONVERSION = YES;
				GCC_WARN_ABOUT_RETURN_TYPE = YES_ERROR;
				GCC_WARN_UNDECLARED_SELECTOR = YES;
				GCC_WARN_UNINITIALIZED_AUTOS = YES_AGGRESSIVE;
				GCC_WARN_UNUSED_FUNCTION = YES;
				GCC_WARN_UNUSED_VARIABLE = YES;
				IPHONEOS_DEPLOYMENT_TARGET = 10.3;
				MTL_ENABLE_DEBUG_INFO = NO;
				SDKROOT = iphoneos;
				SWIFT_OPTIMIZATION_LEVEL = "-Owholemodule";
				VALIDATE_PRODUCT = YES;
			};
			name = Release;
		};
		CF05A7DD1EB338C400F35840 /* Debug */ = {
			isa = XCBuildConfiguration;
			baseConfigurationReference = AD35C01D1FD8BAE0BDC42EAA /* Pods-skypp.debug.xcconfig */;
			buildSettings = {
				ASSETCATALOG_COMPILER_APPICON_NAME = AppIcon;
				DEVELOPMENT_TEAM = 2R9B29DL8V;
				INFOPLIST_FILE = skypp/Info.plist;
				LD_RUNPATH_SEARCH_PATHS = "$(inherited) @executable_path/Frameworks";
				PRODUCT_BUNDLE_IDENTIFIER = com.flftfqwxf.skypp;
				PRODUCT_NAME = "$(TARGET_NAME)";
				SWIFT_VERSION = 3.0;
			};
			name = Debug;
		};
		CF05A7DE1EB338C400F35840 /* Release */ = {
			isa = XCBuildConfiguration;
			baseConfigurationReference = 5FFFB4464B8DA39E1120F927 /* Pods-skypp.release.xcconfig */;
			buildSettings = {
				ASSETCATALOG_COMPILER_APPICON_NAME = AppIcon;
				DEVELOPMENT_TEAM = 2R9B29DL8V;
				INFOPLIST_FILE = skypp/Info.plist;
				LD_RUNPATH_SEARCH_PATHS = "$(inherited) @executable_path/Frameworks";
				PRODUCT_BUNDLE_IDENTIFIER = com.flftfqwxf.skypp;
				PRODUCT_NAME = "$(TARGET_NAME)";
				SWIFT_VERSION = 3.0;
			};
			name = Release;
		};
		CF05A7E01EB338C400F35840 /* Debug */ = {
			isa = XCBuildConfiguration;
			buildSettings = {
				ALWAYS_EMBED_SWIFT_STANDARD_LIBRARIES = YES;
				BUNDLE_LOADER = "$(TEST_HOST)";
				DEVELOPMENT_TEAM = MXH5SL2Q58;
				INFOPLIST_FILE = skyppTests/Info.plist;
				LD_RUNPATH_SEARCH_PATHS = "$(inherited) @executable_path/Frameworks @loader_path/Frameworks";
				PRODUCT_BUNDLE_IDENTIFIER = com.flftfqwxf.skyppTests;
				PRODUCT_NAME = "$(TARGET_NAME)";
				SWIFT_VERSION = 3.0;
				TEST_HOST = "$(BUILT_PRODUCTS_DIR)/skypp.app/skypp";
			};
			name = Debug;
		};
		CF05A7E11EB338C400F35840 /* Release */ = {
			isa = XCBuildConfiguration;
			buildSettings = {
				ALWAYS_EMBED_SWIFT_STANDARD_LIBRARIES = YES;
				BUNDLE_LOADER = "$(TEST_HOST)";
				DEVELOPMENT_TEAM = MXH5SL2Q58;
				INFOPLIST_FILE = skyppTests/Info.plist;
				LD_RUNPATH_SEARCH_PATHS = "$(inherited) @executable_path/Frameworks @loader_path/Frameworks";
				PRODUCT_BUNDLE_IDENTIFIER = com.flftfqwxf.skyppTests;
				PRODUCT_NAME = "$(TARGET_NAME)";
				SWIFT_VERSION = 3.0;
				TEST_HOST = "$(BUILT_PRODUCTS_DIR)/skypp.app/skypp";
			};
			name = Release;
		};
		CF05A7E31EB338C400F35840 /* Debug */ = {
			isa = XCBuildConfiguration;
			buildSettings = {
				ALWAYS_EMBED_SWIFT_STANDARD_LIBRARIES = YES;
				DEVELOPMENT_TEAM = MXH5SL2Q58;
				INFOPLIST_FILE = skyppUITests/Info.plist;
				LD_RUNPATH_SEARCH_PATHS = "$(inherited) @executable_path/Frameworks @loader_path/Frameworks";
				PRODUCT_BUNDLE_IDENTIFIER = com.flftfqwxf.skyppUITests;
				PRODUCT_NAME = "$(TARGET_NAME)";
				SWIFT_VERSION = 3.0;
				TEST_TARGET_NAME = skypp;
			};
			name = Debug;
		};
		CF05A7E41EB338C400F35840 /* Release */ = {
			isa = XCBuildConfiguration;
			buildSettings = {
				ALWAYS_EMBED_SWIFT_STANDARD_LIBRARIES = YES;
				DEVELOPMENT_TEAM = MXH5SL2Q58;
				INFOPLIST_FILE = skyppUITests/Info.plist;
				LD_RUNPATH_SEARCH_PATHS = "$(inherited) @executable_path/Frameworks @loader_path/Frameworks";
				PRODUCT_BUNDLE_IDENTIFIER = com.flftfqwxf.skyppUITests;
				PRODUCT_NAME = "$(TARGET_NAME)";
				SWIFT_VERSION = 3.0;
				TEST_TARGET_NAME = skypp;
			};
			name = Release;
		};
/* End XCBuildConfiguration section */

/* Begin XCConfigurationList section */
		CF05A7AF1EB338C400F35840 /* Build configuration list for PBXProject "skypp" */ = {
			isa = XCConfigurationList;
			buildConfigurations = (
				CF05A7DA1EB338C400F35840 /* Debug */,
				CF05A7DB1EB338C400F35840 /* Release */,
			);
			defaultConfigurationIsVisible = 0;
			defaultConfigurationName = Release;
		};
		CF05A7DC1EB338C400F35840 /* Build configuration list for PBXNativeTarget "skypp" */ = {
			isa = XCConfigurationList;
			buildConfigurations = (
				CF05A7DD1EB338C400F35840 /* Debug */,
				CF05A7DE1EB338C400F35840 /* Release */,
			);
			defaultConfigurationIsVisible = 0;
			defaultConfigurationName = Release;
		};
		CF05A7DF1EB338C400F35840 /* Build configuration list for PBXNativeTarget "skyppTests" */ = {
			isa = XCConfigurationList;
			buildConfigurations = (
				CF05A7E01EB338C400F35840 /* Debug */,
				CF05A7E11EB338C400F35840 /* Release */,
			);
			defaultConfigurationIsVisible = 0;
			defaultConfigurationName = Release;
		};
		CF05A7E21EB338C400F35840 /* Build configuration list for PBXNativeTarget "skyppUITests" */ = {
			isa = XCConfigurationList;
			buildConfigurations = (
				CF05A7E31EB338C400F35840 /* Debug */,
				CF05A7E41EB338C400F35840 /* Release */,
			);
			defaultConfigurationIsVisible = 0;
			defaultConfigurationName = Release;
		};
/* End XCConfigurationList section */
	};
	rootObject = CF05A7AC1EB338C400F35840 /* Project object */;
}
